# This file is automatically @generated by Poetry 1.5.1 and should not be changed by hand.

[[package]]
name = "abstractcp"
version = "0.9.9"
description = "Create abstract class variables"
optional = false
python-versions = ">=3.6"
files = [
    {file = "abstractcp-0.9.9-py3-none-any.whl", hash = "sha256:185bfd3fc929023c35f00812ad585d85d91c1670aff64a1a6649296537568a38"},
    {file = "abstractcp-0.9.9.tar.gz", hash = "sha256:99f1bd1b675c7f1895bd140e55fe28ace3854a90b1f4621749c2e470c535f533"},
]

[[package]]
name = "certifi"
version = "2023.5.7"
description = "Python package for providing Mozilla's CA Bundle."
optional = false
python-versions = ">=3.6"
files = [
    {file = "certifi-2023.5.7-py3-none-any.whl", hash = "sha256:c6c2e98f5c7869efca1f8916fed228dd91539f9f1b444c314c06eef02980c716"},
    {file = "certifi-2023.5.7.tar.gz", hash = "sha256:0f0d56dc5a6ad56fd4ba36484d6cc34451e1c6548c61daad8c320169f91eddc7"},
]

[[package]]
name = "charset-normalizer"
version = "2.0.12"
description = "The Real First Universal Charset Detector. Open, modern and actively maintained alternative to Chardet."
optional = false
python-versions = ">=3.5.0"
files = [
    {file = "charset-normalizer-2.0.12.tar.gz", hash = "sha256:2857e29ff0d34db842cd7ca3230549d1a697f96ee6d3fb071cfa6c7393832597"},
    {file = "charset_normalizer-2.0.12-py3-none-any.whl", hash = "sha256:6881edbebdb17b39b4eaaa821b438bf6eddffb4468cf344f09f89def34a8b1df"},
]

[package.extras]
unicode-backport = ["unicodedata2"]

[[package]]
name = "colorama"
version = "0.4.6"
description = "Cross-platform colored terminal text."
optional = false
python-versions = "!=3.0.*,!=3.1.*,!=3.2.*,!=3.3.*,!=3.4.*,!=3.5.*,!=3.6.*,>=2.7"
files = [
    {file = "colorama-0.4.6-py2.py3-none-any.whl", hash = "sha256:4f1d9991f5acc0ca119f9d443620b77f9d6b33703e51011c16baf57afb285fc6"},
    {file = "colorama-0.4.6.tar.gz", hash = "sha256:08695f5cb7ed6e0531a20572697297273c47b8cae5a63ffc6d6ed5c201be6e44"},
]

[[package]]
name = "exceptiongroup"
version = "1.1.1"
description = "Backport of PEP 654 (exception groups)"
optional = false
python-versions = ">=3.7"
files = [
    {file = "exceptiongroup-1.1.1-py3-none-any.whl", hash = "sha256:232c37c63e4f682982c8b6459f33a8981039e5fb8756b2074364e5055c498c9e"},
    {file = "exceptiongroup-1.1.1.tar.gz", hash = "sha256:d484c3090ba2889ae2928419117447a14daf3c1231d5e30d0aae34f354f01785"},
]

[package.extras]
test = ["pytest (>=6)"]

[[package]]
name = "execnet"
version = "1.9.0"
description = "execnet: rapid multi-Python deployment"
optional = false
python-versions = ">=2.7, !=3.0.*, !=3.1.*, !=3.2.*, !=3.3.*, !=3.4.*"
files = [
    {file = "execnet-1.9.0-py2.py3-none-any.whl", hash = "sha256:a295f7cc774947aac58dde7fdc85f4aa00c42adf5d8f5468fc630c1acf30a142"},
    {file = "execnet-1.9.0.tar.gz", hash = "sha256:8f694f3ba9cc92cab508b152dcfe322153975c29bda272e2fd7f3f00f36e47c5"},
]

[package.extras]
testing = ["pre-commit"]

[[package]]
name = "greenlet"
version = "2.0.2"
description = "Lightweight in-process concurrent programming"
optional = false
python-versions = ">=2.7,!=3.0.*,!=3.1.*,!=3.2.*,!=3.3.*,!=3.4.*"
files = [
    {file = "greenlet-2.0.2-cp27-cp27m-macosx_10_14_x86_64.whl", hash = "sha256:bdfea8c661e80d3c1c99ad7c3ff74e6e87184895bbaca6ee8cc61209f8b9b85d"},
    {file = "greenlet-2.0.2-cp27-cp27m-manylinux2010_x86_64.whl", hash = "sha256:9d14b83fab60d5e8abe587d51c75b252bcc21683f24699ada8fb275d7712f5a9"},
    {file = "greenlet-2.0.2-cp27-cp27m-win32.whl", hash = "sha256:6c3acb79b0bfd4fe733dff8bc62695283b57949ebcca05ae5c129eb606ff2d74"},
    {file = "greenlet-2.0.2-cp27-cp27m-win_amd64.whl", hash = "sha256:283737e0da3f08bd637b5ad058507e578dd462db259f7f6e4c5c365ba4ee9343"},
    {file = "greenlet-2.0.2-cp27-cp27mu-manylinux2010_x86_64.whl", hash = "sha256:d27ec7509b9c18b6d73f2f5ede2622441de812e7b1a80bbd446cb0633bd3d5ae"},
    {file = "greenlet-2.0.2-cp310-cp310-macosx_11_0_x86_64.whl", hash = "sha256:30bcf80dda7f15ac77ba5af2b961bdd9dbc77fd4ac6105cee85b0d0a5fcf74df"},
    {file = "greenlet-2.0.2-cp310-cp310-manylinux_2_17_aarch64.manylinux2014_aarch64.whl", hash = "sha256:26fbfce90728d82bc9e6c38ea4d038cba20b7faf8a0ca53a9c07b67318d46088"},
    {file = "greenlet-2.0.2-cp310-cp310-manylinux_2_17_ppc64le.manylinux2014_ppc64le.whl", hash = "sha256:9190f09060ea4debddd24665d6804b995a9c122ef5917ab26e1566dcc712ceeb"},
    {file = "greenlet-2.0.2-cp310-cp310-manylinux_2_17_x86_64.manylinux2014_x86_64.whl", hash = "sha256:d75209eed723105f9596807495d58d10b3470fa6732dd6756595e89925ce2470"},
    {file = "greenlet-2.0.2-cp310-cp310-musllinux_1_1_aarch64.whl", hash = "sha256:3a51c9751078733d88e013587b108f1b7a1fb106d402fb390740f002b6f6551a"},
    {file = "greenlet-2.0.2-cp310-cp310-musllinux_1_1_x86_64.whl", hash = "sha256:76ae285c8104046b3a7f06b42f29c7b73f77683df18c49ab5af7983994c2dd91"},
    {file = "greenlet-2.0.2-cp310-cp310-win_amd64.whl", hash = "sha256:2d4686f195e32d36b4d7cf2d166857dbd0ee9f3d20ae349b6bf8afc8485b3645"},
    {file = "greenlet-2.0.2-cp311-cp311-macosx_10_9_universal2.whl", hash = "sha256:c4302695ad8027363e96311df24ee28978162cdcdd2006476c43970b384a244c"},
    {file = "greenlet-2.0.2-cp311-cp311-manylinux_2_17_aarch64.manylinux2014_aarch64.whl", hash = "sha256:c48f54ef8e05f04d6eff74b8233f6063cb1ed960243eacc474ee73a2ea8573ca"},
    {file = "greenlet-2.0.2-cp311-cp311-manylinux_2_17_ppc64le.manylinux2014_ppc64le.whl", hash = "sha256:a1846f1b999e78e13837c93c778dcfc3365902cfb8d1bdb7dd73ead37059f0d0"},
    {file = "greenlet-2.0.2-cp311-cp311-manylinux_2_17_x86_64.manylinux2014_x86_64.whl", hash = "sha256:3a06ad5312349fec0ab944664b01d26f8d1f05009566339ac6f63f56589bc1a2"},
    {file = "greenlet-2.0.2-cp311-cp311-musllinux_1_1_aarch64.whl", hash = "sha256:eff4eb9b7eb3e4d0cae3d28c283dc16d9bed6b193c2e1ace3ed86ce48ea8df19"},
    {file = "greenlet-2.0.2-cp311-cp311-musllinux_1_1_x86_64.whl", hash = "sha256:5454276c07d27a740c5892f4907c86327b632127dd9abec42ee62e12427ff7e3"},
    {file = "greenlet-2.0.2-cp311-cp311-win_amd64.whl", hash = "sha256:7cafd1208fdbe93b67c7086876f061f660cfddc44f404279c1585bbf3cdc64c5"},
    {file = "greenlet-2.0.2-cp35-cp35m-macosx_10_14_x86_64.whl", hash = "sha256:910841381caba4f744a44bf81bfd573c94e10b3045ee00de0cbf436fe50673a6"},
    {file = "greenlet-2.0.2-cp35-cp35m-manylinux2010_x86_64.whl", hash = "sha256:18a7f18b82b52ee85322d7a7874e676f34ab319b9f8cce5de06067384aa8ff43"},
    {file = "greenlet-2.0.2-cp35-cp35m-win32.whl", hash = "sha256:03a8f4f3430c3b3ff8d10a2a86028c660355ab637cee9333d63d66b56f09d52a"},
    {file = "greenlet-2.0.2-cp35-cp35m-win_amd64.whl", hash = "sha256:4b58adb399c4d61d912c4c331984d60eb66565175cdf4a34792cd9600f21b394"},
    {file = "greenlet-2.0.2-cp36-cp36m-macosx_10_14_x86_64.whl", hash = "sha256:703f18f3fda276b9a916f0934d2fb6d989bf0b4fb5a64825260eb9bfd52d78f0"},
    {file = "greenlet-2.0.2-cp36-cp36m-manylinux2010_x86_64.whl", hash = "sha256:32e5b64b148966d9cccc2c8d35a671409e45f195864560829f395a54226408d3"},
    {file = "greenlet-2.0.2-cp36-cp36m-manylinux_2_17_aarch64.manylinux2014_aarch64.whl", hash = "sha256:2dd11f291565a81d71dab10b7033395b7a3a5456e637cf997a6f33ebdf06f8db"},
    {file = "greenlet-2.0.2-cp36-cp36m-manylinux_2_17_ppc64le.manylinux2014_ppc64le.whl", hash = "sha256:e0f72c9ddb8cd28532185f54cc1453f2c16fb417a08b53a855c4e6a418edd099"},
    {file = "greenlet-2.0.2-cp36-cp36m-manylinux_2_17_x86_64.manylinux2014_x86_64.whl", hash = "sha256:cd021c754b162c0fb55ad5d6b9d960db667faad0fa2ff25bb6e1301b0b6e6a75"},
    {file = "greenlet-2.0.2-cp36-cp36m-musllinux_1_1_aarch64.whl", hash = "sha256:3c9b12575734155d0c09d6c3e10dbd81665d5c18e1a7c6597df72fd05990c8cf"},
    {file = "greenlet-2.0.2-cp36-cp36m-musllinux_1_1_x86_64.whl", hash = "sha256:b9ec052b06a0524f0e35bd8790686a1da006bd911dd1ef7d50b77bfbad74e292"},
    {file = "greenlet-2.0.2-cp36-cp36m-win32.whl", hash = "sha256:dbfcfc0218093a19c252ca8eb9aee3d29cfdcb586df21049b9d777fd32c14fd9"},
    {file = "greenlet-2.0.2-cp36-cp36m-win_amd64.whl", hash = "sha256:9f35ec95538f50292f6d8f2c9c9f8a3c6540bbfec21c9e5b4b751e0a7c20864f"},
    {file = "greenlet-2.0.2-cp37-cp37m-macosx_10_15_x86_64.whl", hash = "sha256:d5508f0b173e6aa47273bdc0a0b5ba055b59662ba7c7ee5119528f466585526b"},
    {file = "greenlet-2.0.2-cp37-cp37m-manylinux2010_x86_64.whl", hash = "sha256:f82d4d717d8ef19188687aa32b8363e96062911e63ba22a0cff7802a8e58e5f1"},
    {file = "greenlet-2.0.2-cp37-cp37m-manylinux_2_17_aarch64.manylinux2014_aarch64.whl", hash = "sha256:c9c59a2120b55788e800d82dfa99b9e156ff8f2227f07c5e3012a45a399620b7"},
    {file = "greenlet-2.0.2-cp37-cp37m-manylinux_2_17_ppc64le.manylinux2014_ppc64le.whl", hash = "sha256:2780572ec463d44c1d3ae850239508dbeb9fed38e294c68d19a24d925d9223ca"},
    {file = "greenlet-2.0.2-cp37-cp37m-manylinux_2_17_x86_64.manylinux2014_x86_64.whl", hash = "sha256:937e9020b514ceedb9c830c55d5c9872abc90f4b5862f89c0887033ae33c6f73"},
    {file = "greenlet-2.0.2-cp37-cp37m-musllinux_1_1_aarch64.whl", hash = "sha256:36abbf031e1c0f79dd5d596bfaf8e921c41df2bdf54ee1eed921ce1f52999a86"},
    {file = "greenlet-2.0.2-cp37-cp37m-musllinux_1_1_x86_64.whl", hash = "sha256:18e98fb3de7dba1c0a852731c3070cf022d14f0d68b4c87a19cc1016f3bb8b33"},
    {file = "greenlet-2.0.2-cp37-cp37m-win32.whl", hash = "sha256:3f6ea9bd35eb450837a3d80e77b517ea5bc56b4647f5502cd28de13675ee12f7"},
    {file = "greenlet-2.0.2-cp37-cp37m-win_amd64.whl", hash = "sha256:7492e2b7bd7c9b9916388d9df23fa49d9b88ac0640db0a5b4ecc2b653bf451e3"},
    {file = "greenlet-2.0.2-cp38-cp38-macosx_10_15_x86_64.whl", hash = "sha256:b864ba53912b6c3ab6bcb2beb19f19edd01a6bfcbdfe1f37ddd1778abfe75a30"},
    {file = "greenlet-2.0.2-cp38-cp38-manylinux2010_x86_64.whl", hash = "sha256:ba2956617f1c42598a308a84c6cf021a90ff3862eddafd20c3333d50f0edb45b"},
    {file = "greenlet-2.0.2-cp38-cp38-manylinux_2_17_aarch64.manylinux2014_aarch64.whl", hash = "sha256:fc3a569657468b6f3fb60587e48356fe512c1754ca05a564f11366ac9e306526"},
    {file = "greenlet-2.0.2-cp38-cp38-manylinux_2_17_ppc64le.manylinux2014_ppc64le.whl", hash = "sha256:8eab883b3b2a38cc1e050819ef06a7e6344d4a990d24d45bc6f2cf959045a45b"},
    {file = "greenlet-2.0.2-cp38-cp38-manylinux_2_17_x86_64.manylinux2014_x86_64.whl", hash = "sha256:acd2162a36d3de67ee896c43effcd5ee3de247eb00354db411feb025aa319857"},
    {file = "greenlet-2.0.2-cp38-cp38-musllinux_1_1_aarch64.whl", hash = "sha256:0bf60faf0bc2468089bdc5edd10555bab6e85152191df713e2ab1fcc86382b5a"},
    {file = "greenlet-2.0.2-cp38-cp38-musllinux_1_1_x86_64.whl", hash = "sha256:b0ef99cdbe2b682b9ccbb964743a6aca37905fda5e0452e5ee239b1654d37f2a"},
    {file = "greenlet-2.0.2-cp38-cp38-win32.whl", hash = "sha256:b80f600eddddce72320dbbc8e3784d16bd3fb7b517e82476d8da921f27d4b249"},
    {file = "greenlet-2.0.2-cp38-cp38-win_amd64.whl", hash = "sha256:4d2e11331fc0c02b6e84b0d28ece3a36e0548ee1a1ce9ddde03752d9b79bba40"},
    {file = "greenlet-2.0.2-cp39-cp39-macosx_11_0_x86_64.whl", hash = "sha256:88d9ab96491d38a5ab7c56dd7a3cc37d83336ecc564e4e8816dbed12e5aaefc8"},
    {file = "greenlet-2.0.2-cp39-cp39-manylinux2010_x86_64.whl", hash = "sha256:561091a7be172ab497a3527602d467e2b3fbe75f9e783d8b8ce403fa414f71a6"},
    {file = "greenlet-2.0.2-cp39-cp39-manylinux_2_17_aarch64.manylinux2014_aarch64.whl", hash = "sha256:971ce5e14dc5e73715755d0ca2975ac88cfdaefcaab078a284fea6cfabf866df"},
    {file = "greenlet-2.0.2-cp39-cp39-manylinux_2_17_ppc64le.manylinux2014_ppc64le.whl", hash = "sha256:be4ed120b52ae4d974aa40215fcdfde9194d63541c7ded40ee12eb4dda57b76b"},
    {file = "greenlet-2.0.2-cp39-cp39-manylinux_2_17_x86_64.manylinux2014_x86_64.whl", hash = "sha256:94c817e84245513926588caf1152e3b559ff794d505555211ca041f032abbb6b"},
    {file = "greenlet-2.0.2-cp39-cp39-musllinux_1_1_aarch64.whl", hash = "sha256:1a819eef4b0e0b96bb0d98d797bef17dc1b4a10e8d7446be32d1da33e095dbb8"},
    {file = "greenlet-2.0.2-cp39-cp39-musllinux_1_1_x86_64.whl", hash = "sha256:7efde645ca1cc441d6dc4b48c0f7101e8d86b54c8530141b09fd31cef5149ec9"},
    {file = "greenlet-2.0.2-cp39-cp39-win32.whl", hash = "sha256:ea9872c80c132f4663822dd2a08d404073a5a9b5ba6155bea72fb2a79d1093b5"},
    {file = "greenlet-2.0.2-cp39-cp39-win_amd64.whl", hash = "sha256:db1a39669102a1d8d12b57de2bb7e2ec9066a6f2b3da35ae511ff93b01b5d564"},
    {file = "greenlet-2.0.2.tar.gz", hash = "sha256:e7c8dc13af7db097bed64a051d2dd49e9f0af495c26995c00a9ee842690d34c0"},
]

[package.extras]
docs = ["Sphinx", "docutils (<0.18)"]
test = ["objgraph", "psutil"]

[[package]]
name = "haf-local-tools"
version = "0.0.0"
description = "A collective library containing all the tools required by haf python tests."
optional = false
python-versions = "^3.10"
files = []
develop = true

[package.dependencies]
pandas = "1.4.0"
psycopg2-binary = "2.9.1"
pytest = "7.3.1"
pytest-repeat = "0.9.1"
pytest-timeout = "2.0.1"
pytest-xdist = "3.2.0"
shared_tools = {path = "shared-tools", develop = true}
sqlalchemy = "1.4.25"
sqlalchemy-utils = "0.37.9"
test_tools = {path = "test-tools", develop = true}

[package.source]
type = "directory"
url = "../../../haf/tests/integration/haf-local-tools"

[[package]]
name = "idna"
version = "3.4"
description = "Internationalized Domain Names in Applications (IDNA)"
optional = false
python-versions = ">=3.5"
files = [
    {file = "idna-3.4-py3-none-any.whl", hash = "sha256:90b77e79eaa3eba6de819a0c442c0b4ceefc341a7a2ab77d7562bf49f425c5c2"},
    {file = "idna-3.4.tar.gz", hash = "sha256:814f528e8dead7d329833b91c5faa87d60bf71824cd12a7530b5526063d02cb4"},
]

[[package]]
name = "iniconfig"
version = "2.0.0"
description = "brain-dead simple config-ini parsing"
optional = false
python-versions = ">=3.7"
files = [
    {file = "iniconfig-2.0.0-py3-none-any.whl", hash = "sha256:b6a85871a79d2e3b22d2d1b94ac2824226a63c6b741c88f7ae975f18b6778374"},
    {file = "iniconfig-2.0.0.tar.gz", hash = "sha256:2d91e135bf72d31a410b17c16da610a82cb55f6b0477d1a902134b24a455b8b3"},
]

[[package]]
name = "numpy"
version = "1.24.3"
description = "Fundamental package for array computing in Python"
optional = false
python-versions = ">=3.8"
files = [
    {file = "numpy-1.24.3-cp310-cp310-macosx_10_9_x86_64.whl", hash = "sha256:3c1104d3c036fb81ab923f507536daedc718d0ad5a8707c6061cdfd6d184e570"},
    {file = "numpy-1.24.3-cp310-cp310-macosx_11_0_arm64.whl", hash = "sha256:202de8f38fc4a45a3eea4b63e2f376e5f2dc64ef0fa692838e31a808520efaf7"},
    {file = "numpy-1.24.3-cp310-cp310-manylinux_2_17_aarch64.manylinux2014_aarch64.whl", hash = "sha256:8535303847b89aa6b0f00aa1dc62867b5a32923e4d1681a35b5eef2d9591a463"},
    {file = "numpy-1.24.3-cp310-cp310-manylinux_2_17_x86_64.manylinux2014_x86_64.whl", hash = "sha256:2d926b52ba1367f9acb76b0df6ed21f0b16a1ad87c6720a1121674e5cf63e2b6"},
    {file = "numpy-1.24.3-cp310-cp310-win32.whl", hash = "sha256:f21c442fdd2805e91799fbe044a7b999b8571bb0ab0f7850d0cb9641a687092b"},
    {file = "numpy-1.24.3-cp310-cp310-win_amd64.whl", hash = "sha256:ab5f23af8c16022663a652d3b25dcdc272ac3f83c3af4c02eb8b824e6b3ab9d7"},
    {file = "numpy-1.24.3-cp311-cp311-macosx_10_9_x86_64.whl", hash = "sha256:9a7721ec204d3a237225db3e194c25268faf92e19338a35f3a224469cb6039a3"},
    {file = "numpy-1.24.3-cp311-cp311-macosx_11_0_arm64.whl", hash = "sha256:d6cc757de514c00b24ae8cf5c876af2a7c3df189028d68c0cb4eaa9cd5afc2bf"},
    {file = "numpy-1.24.3-cp311-cp311-manylinux_2_17_aarch64.manylinux2014_aarch64.whl", hash = "sha256:76e3f4e85fc5d4fd311f6e9b794d0c00e7002ec122be271f2019d63376f1d385"},
    {file = "numpy-1.24.3-cp311-cp311-manylinux_2_17_x86_64.manylinux2014_x86_64.whl", hash = "sha256:a1d3c026f57ceaad42f8231305d4653d5f05dc6332a730ae5c0bea3513de0950"},
    {file = "numpy-1.24.3-cp311-cp311-win32.whl", hash = "sha256:c91c4afd8abc3908e00a44b2672718905b8611503f7ff87390cc0ac3423fb096"},
    {file = "numpy-1.24.3-cp311-cp311-win_amd64.whl", hash = "sha256:5342cf6aad47943286afa6f1609cad9b4266a05e7f2ec408e2cf7aea7ff69d80"},
    {file = "numpy-1.24.3-cp38-cp38-macosx_10_9_x86_64.whl", hash = "sha256:7776ea65423ca6a15255ba1872d82d207bd1e09f6d0894ee4a64678dd2204078"},
    {file = "numpy-1.24.3-cp38-cp38-macosx_11_0_arm64.whl", hash = "sha256:ae8d0be48d1b6ed82588934aaaa179875e7dc4f3d84da18d7eae6eb3f06c242c"},
    {file = "numpy-1.24.3-cp38-cp38-manylinux_2_17_aarch64.manylinux2014_aarch64.whl", hash = "sha256:ecde0f8adef7dfdec993fd54b0f78183051b6580f606111a6d789cd14c61ea0c"},
    {file = "numpy-1.24.3-cp38-cp38-manylinux_2_17_x86_64.manylinux2014_x86_64.whl", hash = "sha256:4749e053a29364d3452c034827102ee100986903263e89884922ef01a0a6fd2f"},
    {file = "numpy-1.24.3-cp38-cp38-win32.whl", hash = "sha256:d933fabd8f6a319e8530d0de4fcc2e6a61917e0b0c271fded460032db42a0fe4"},
    {file = "numpy-1.24.3-cp38-cp38-win_amd64.whl", hash = "sha256:56e48aec79ae238f6e4395886b5eaed058abb7231fb3361ddd7bfdf4eed54289"},
    {file = "numpy-1.24.3-cp39-cp39-macosx_10_9_x86_64.whl", hash = "sha256:4719d5aefb5189f50887773699eaf94e7d1e02bf36c1a9d353d9f46703758ca4"},
    {file = "numpy-1.24.3-cp39-cp39-macosx_11_0_arm64.whl", hash = "sha256:0ec87a7084caa559c36e0a2309e4ecb1baa03b687201d0a847c8b0ed476a7187"},
    {file = "numpy-1.24.3-cp39-cp39-manylinux_2_17_aarch64.manylinux2014_aarch64.whl", hash = "sha256:ea8282b9bcfe2b5e7d491d0bf7f3e2da29700cec05b49e64d6246923329f2b02"},
    {file = "numpy-1.24.3-cp39-cp39-manylinux_2_17_x86_64.manylinux2014_x86_64.whl", hash = "sha256:210461d87fb02a84ef243cac5e814aad2b7f4be953b32cb53327bb49fd77fbb4"},
    {file = "numpy-1.24.3-cp39-cp39-win32.whl", hash = "sha256:784c6da1a07818491b0ffd63c6bbe5a33deaa0e25a20e1b3ea20cf0e43f8046c"},
    {file = "numpy-1.24.3-cp39-cp39-win_amd64.whl", hash = "sha256:d5036197ecae68d7f491fcdb4df90082b0d4960ca6599ba2659957aafced7c17"},
    {file = "numpy-1.24.3-pp38-pypy38_pp73-macosx_10_9_x86_64.whl", hash = "sha256:352ee00c7f8387b44d19f4cada524586f07379c0d49270f87233983bc5087ca0"},
    {file = "numpy-1.24.3-pp38-pypy38_pp73-manylinux_2_17_x86_64.manylinux2014_x86_64.whl", hash = "sha256:1a7d6acc2e7524c9955e5c903160aa4ea083736fde7e91276b0e5d98e6332812"},
    {file = "numpy-1.24.3-pp38-pypy38_pp73-win_amd64.whl", hash = "sha256:35400e6a8d102fd07c71ed7dcadd9eb62ee9a6e84ec159bd48c28235bbb0f8e4"},
    {file = "numpy-1.24.3.tar.gz", hash = "sha256:ab344f1bf21f140adab8e47fdbc7c35a477dc01408791f8ba00d018dd0bc5155"},
]

[[package]]
name = "packaging"
version = "23.1"
description = "Core utilities for Python packages"
optional = false
python-versions = ">=3.7"
files = [
    {file = "packaging-23.1-py3-none-any.whl", hash = "sha256:994793af429502c4ea2ebf6bf664629d07c1a9fe974af92966e4b8d2df7edc61"},
    {file = "packaging-23.1.tar.gz", hash = "sha256:a392980d2b6cffa644431898be54b0045151319d1e7ec34f0cfed48767dd334f"},
]

[[package]]
name = "pandas"
version = "1.4.0"
description = "Powerful data structures for data analysis, time series, and statistics"
optional = false
python-versions = ">=3.8"
files = [
    {file = "pandas-1.4.0-cp310-cp310-macosx_10_9_universal2.whl", hash = "sha256:de62cf699122dcef175988f0714678e59c453dc234c5b47b7136bfd7641e3c8c"},
    {file = "pandas-1.4.0-cp310-cp310-macosx_10_9_x86_64.whl", hash = "sha256:46a18572f3e1cb75db59d9461940e9ba7ee38967fa48dd58f4139197f6e32280"},
    {file = "pandas-1.4.0-cp310-cp310-macosx_11_0_arm64.whl", hash = "sha256:73f7da2ccc38cc988b74e5400b430b7905db5f2c413ff215506bea034eaf832d"},
    {file = "pandas-1.4.0-cp310-cp310-manylinux_2_17_aarch64.manylinux2014_aarch64.whl", hash = "sha256:5229c95db3a907451dacebc551492db6f7d01743e49bbc862f4a6010c227d187"},
    {file = "pandas-1.4.0-cp310-cp310-manylinux_2_17_x86_64.manylinux2014_x86_64.whl", hash = "sha256:fe454180ad31bbbe1e5d111b44443258730467f035e26b4e354655ab59405871"},
    {file = "pandas-1.4.0-cp310-cp310-win_amd64.whl", hash = "sha256:784cca3f69cfd7f6bd7c7fdb44f2bbab17e6de55725e9ff36d6f382510dfefb5"},
    {file = "pandas-1.4.0-cp38-cp38-macosx_10_9_universal2.whl", hash = "sha256:de8f8999864399529e8514a2e6bfe00fd161f0a667903655552ed12e583ae3cb"},
    {file = "pandas-1.4.0-cp38-cp38-macosx_10_9_x86_64.whl", hash = "sha256:0f19504f2783526fb5b4de675ea69d68974e21c1624f4b92295d057a31d5ec5f"},
    {file = "pandas-1.4.0-cp38-cp38-macosx_11_0_arm64.whl", hash = "sha256:f045bb5c6bfaba536089573bf97d6b8ccc7159d951fe63904c395a5e486fbe14"},
    {file = "pandas-1.4.0-cp38-cp38-manylinux_2_17_aarch64.manylinux2014_aarch64.whl", hash = "sha256:5280d057ddae06fe4a3cd6aa79040b8c205cd6dd21743004cf8635f39ed01712"},
    {file = "pandas-1.4.0-cp38-cp38-manylinux_2_17_x86_64.manylinux2014_x86_64.whl", hash = "sha256:1f3b74335390dda49f5d5089fab71958812bf56f42aa27663ee4c16d19f4f1c5"},
    {file = "pandas-1.4.0-cp38-cp38-win32.whl", hash = "sha256:51e5da3802aaee1aa4254108ffaf1129a15fb3810b7ce8da1ec217c655b418f5"},
    {file = "pandas-1.4.0-cp38-cp38-win_amd64.whl", hash = "sha256:f103a5cdcd66cb18882ccdc18a130c31c3cfe3529732e7f10a8ab3559164819c"},
    {file = "pandas-1.4.0-cp39-cp39-macosx_10_9_universal2.whl", hash = "sha256:4a8d5a200f8685e7ea562b2f022c77ab7cb82c1ca5b240e6965faa6f84e5c1e9"},
    {file = "pandas-1.4.0-cp39-cp39-macosx_10_9_x86_64.whl", hash = "sha256:b5af258c7b090cca7b742cf2bd67ad1919aa9e4e681007366c9edad2d6a3d42b"},
    {file = "pandas-1.4.0-cp39-cp39-macosx_11_0_arm64.whl", hash = "sha256:156aac90dd7b303bf0b91bae96c0503212777f86c731e41929c571125d26c8e9"},
    {file = "pandas-1.4.0-cp39-cp39-manylinux_2_17_aarch64.manylinux2014_aarch64.whl", hash = "sha256:2dad075089e17a72391de33021ad93720aff258c3c4b68c78e1cafce7e447045"},
    {file = "pandas-1.4.0-cp39-cp39-manylinux_2_17_x86_64.manylinux2014_x86_64.whl", hash = "sha256:1d59c958d6b8f96fdf850c7821571782168d5acfe75ccf78cd8d1ac15fb921df"},
    {file = "pandas-1.4.0-cp39-cp39-win32.whl", hash = "sha256:55ec0e192eefa26d823fc25a1f213d6c304a3592915f368e360652994cdb8d9a"},
    {file = "pandas-1.4.0-cp39-cp39-win_amd64.whl", hash = "sha256:23c04dab11f3c6359cfa7afa83d3d054a8f8c283d773451184d98119ef54da97"},
    {file = "pandas-1.4.0.tar.gz", hash = "sha256:cdd76254c7f0a1583bd4e4781fb450d0ebf392e10d3f12e92c95575942e37df5"},
]

[package.dependencies]
numpy = {version = ">=1.21.0", markers = "python_version >= \"3.10\""}
python-dateutil = ">=2.8.1"
pytz = ">=2020.1"

[package.extras]
test = ["hypothesis (>=5.5.3)", "pytest (>=6.0)", "pytest-xdist (>=1.31)"]

[[package]]
name = "pluggy"
version = "1.0.0"
description = "plugin and hook calling mechanisms for python"
optional = false
python-versions = ">=3.6"
files = [
    {file = "pluggy-1.0.0-py2.py3-none-any.whl", hash = "sha256:74134bbf457f031a36d68416e1509f34bd5ccc019f0bcc952c7b909d06b37bd3"},
    {file = "pluggy-1.0.0.tar.gz", hash = "sha256:4224373bacce55f955a878bf9cfa763c1e360858e330072059e10bad68531159"},
]

[package.extras]
dev = ["pre-commit", "tox"]
testing = ["pytest", "pytest-benchmark"]

[[package]]
name = "psycopg2-binary"
version = "2.9.1"
description = "psycopg2 - Python-PostgreSQL Database Adapter"
optional = false
python-versions = ">=3.6"
files = [
    {file = "psycopg2-binary-2.9.1.tar.gz", hash = "sha256:b0221ca5a9837e040ebf61f48899926b5783668b7807419e4adae8175a31f773"},
    {file = "psycopg2_binary-2.9.1-cp310-cp310-macosx_10_14_x86_64.macosx_10_9_intel.macosx_10_9_x86_64.macosx_10_10_intel.macosx_10_10_x86_64.whl", hash = "sha256:24b0b6688b9f31a911f2361fe818492650795c9e5d3a1bc647acbd7440142a4f"},
    {file = "psycopg2_binary-2.9.1-cp310-cp310-manylinux_2_17_i686.manylinux2014_i686.whl", hash = "sha256:542875f62bc56e91c6eac05a0deadeae20e1730be4c6334d8f04c944fcd99759"},
    {file = "psycopg2_binary-2.9.1-cp310-cp310-manylinux_2_17_x86_64.manylinux2014_x86_64.whl", hash = "sha256:661509f51531ec125e52357a489ea3806640d0ca37d9dada461ffc69ee1e7b6e"},
    {file = "psycopg2_binary-2.9.1-cp310-cp310-manylinux_2_24_aarch64.whl", hash = "sha256:d92272c7c16e105788efe2cfa5d680f07e34e0c29b03c1908f8636f55d5f915a"},
    {file = "psycopg2_binary-2.9.1-cp310-cp310-manylinux_2_24_ppc64le.whl", hash = "sha256:736b8797b58febabb85494142c627bd182b50d2a7ec65322983e71065ad3034c"},
    {file = "psycopg2_binary-2.9.1-cp310-cp310-win32.whl", hash = "sha256:ebccf1123e7ef66efc615a68295bf6fdba875a75d5bba10a05073202598085fc"},
    {file = "psycopg2_binary-2.9.1-cp310-cp310-win_amd64.whl", hash = "sha256:1f6ca4a9068f5c5c57e744b4baa79f40e83e3746875cac3c45467b16326bab45"},
    {file = "psycopg2_binary-2.9.1-cp36-cp36m-macosx_10_14_x86_64.macosx_10_9_intel.macosx_10_9_x86_64.macosx_10_10_intel.macosx_10_10_x86_64.whl", hash = "sha256:c250a7ec489b652c892e4f0a5d122cc14c3780f9f643e1a326754aedf82d9a76"},
    {file = "psycopg2_binary-2.9.1-cp36-cp36m-manylinux_2_17_i686.manylinux2014_i686.whl", hash = "sha256:aef9aee84ec78af51107181d02fe8773b100b01c5dfde351184ad9223eab3698"},
    {file = "psycopg2_binary-2.9.1-cp36-cp36m-manylinux_2_17_x86_64.manylinux2014_x86_64.whl", hash = "sha256:123c3fb684e9abfc47218d3784c7b4c47c8587951ea4dd5bc38b6636ac57f616"},
    {file = "psycopg2_binary-2.9.1-cp36-cp36m-manylinux_2_24_aarch64.whl", hash = "sha256:995fc41ebda5a7a663a254a1dcac52638c3e847f48307b5416ee373da15075d7"},
    {file = "psycopg2_binary-2.9.1-cp36-cp36m-manylinux_2_24_ppc64le.whl", hash = "sha256:fbb42a541b1093385a2d8c7eec94d26d30437d0e77c1d25dae1dcc46741a385e"},
    {file = "psycopg2_binary-2.9.1-cp36-cp36m-win32.whl", hash = "sha256:20f1ab44d8c352074e2d7ca67dc00843067788791be373e67a0911998787ce7d"},
    {file = "psycopg2_binary-2.9.1-cp36-cp36m-win_amd64.whl", hash = "sha256:f6fac64a38f6768e7bc7b035b9e10d8a538a9fadce06b983fb3e6fa55ac5f5ce"},
    {file = "psycopg2_binary-2.9.1-cp37-cp37m-macosx_10_14_x86_64.macosx_10_9_intel.macosx_10_9_x86_64.macosx_10_10_intel.macosx_10_10_x86_64.whl", hash = "sha256:1e3a362790edc0a365385b1ac4cc0acc429a0c0d662d829a50b6ce743ae61b5a"},
    {file = "psycopg2_binary-2.9.1-cp37-cp37m-manylinux_2_17_i686.manylinux2014_i686.whl", hash = "sha256:f8559617b1fcf59a9aedba2c9838b5b6aa211ffedecabca412b92a1ff75aac1a"},
    {file = "psycopg2_binary-2.9.1-cp37-cp37m-manylinux_2_17_x86_64.manylinux2014_x86_64.whl", hash = "sha256:a36c7eb6152ba5467fb264d73844877be8b0847874d4822b7cf2d3c0cb8cdcb0"},
    {file = "psycopg2_binary-2.9.1-cp37-cp37m-manylinux_2_24_aarch64.whl", hash = "sha256:2f62c207d1740b0bde5c4e949f857b044818f734a3d57f1d0d0edc65050532ed"},
    {file = "psycopg2_binary-2.9.1-cp37-cp37m-manylinux_2_24_ppc64le.whl", hash = "sha256:cfc523edecddaef56f6740d7de1ce24a2fdf94fd5e704091856a201872e37f9f"},
    {file = "psycopg2_binary-2.9.1-cp37-cp37m-win32.whl", hash = "sha256:1e85b74cbbb3056e3656f1cc4781294df03383127a8114cbc6531e8b8367bf1e"},
    {file = "psycopg2_binary-2.9.1-cp37-cp37m-win_amd64.whl", hash = "sha256:1473c0215b0613dd938db54a653f68251a45a78b05f6fc21af4326f40e8360a2"},
    {file = "psycopg2_binary-2.9.1-cp38-cp38-macosx_10_14_x86_64.macosx_10_9_intel.macosx_10_9_x86_64.macosx_10_10_intel.macosx_10_10_x86_64.whl", hash = "sha256:35c4310f8febe41f442d3c65066ca93cccefd75013df3d8c736c5b93ec288140"},
    {file = "psycopg2_binary-2.9.1-cp38-cp38-manylinux_2_17_i686.manylinux2014_i686.whl", hash = "sha256:8c13d72ed6af7fd2c8acbd95661cf9477f94e381fce0792c04981a8283b52917"},
    {file = "psycopg2_binary-2.9.1-cp38-cp38-manylinux_2_17_x86_64.manylinux2014_x86_64.whl", hash = "sha256:14db1752acdd2187d99cb2ca0a1a6dfe57fc65c3281e0f20e597aac8d2a5bd90"},
    {file = "psycopg2_binary-2.9.1-cp38-cp38-manylinux_2_24_aarch64.whl", hash = "sha256:aed4a9a7e3221b3e252c39d0bf794c438dc5453bc2963e8befe9d4cd324dff72"},
    {file = "psycopg2_binary-2.9.1-cp38-cp38-manylinux_2_24_ppc64le.whl", hash = "sha256:da113b70f6ec40e7d81b43d1b139b9db6a05727ab8be1ee559f3a69854a69d34"},
    {file = "psycopg2_binary-2.9.1-cp38-cp38-win32.whl", hash = "sha256:4235f9d5ddcab0b8dbd723dca56ea2922b485ea00e1dafacf33b0c7e840b3d32"},
    {file = "psycopg2_binary-2.9.1-cp38-cp38-win_amd64.whl", hash = "sha256:988b47ac70d204aed01589ed342303da7c4d84b56c2f4c4b8b00deda123372bf"},
    {file = "psycopg2_binary-2.9.1-cp39-cp39-macosx_10_14_x86_64.macosx_10_9_intel.macosx_10_9_x86_64.macosx_10_10_intel.macosx_10_10_x86_64.whl", hash = "sha256:7360647ea04db2e7dff1648d1da825c8cf68dc5fbd80b8fb5b3ee9f068dcd21a"},
    {file = "psycopg2_binary-2.9.1-cp39-cp39-manylinux_2_17_i686.manylinux2014_i686.whl", hash = "sha256:ca86db5b561b894f9e5f115d6a159fff2a2570a652e07889d8a383b5fae66eb4"},
    {file = "psycopg2_binary-2.9.1-cp39-cp39-manylinux_2_17_x86_64.manylinux2014_x86_64.whl", hash = "sha256:5ced67f1e34e1a450cdb48eb53ca73b60aa0af21c46b9b35ac3e581cf9f00e31"},
    {file = "psycopg2_binary-2.9.1-cp39-cp39-manylinux_2_24_aarch64.whl", hash = "sha256:0f2e04bd2a2ab54fa44ee67fe2d002bb90cee1c0f1cc0ebc3148af7b02034cbd"},
    {file = "psycopg2_binary-2.9.1-cp39-cp39-manylinux_2_24_ppc64le.whl", hash = "sha256:3242b9619de955ab44581a03a64bdd7d5e470cc4183e8fcadd85ab9d3756ce7a"},
    {file = "psycopg2_binary-2.9.1-cp39-cp39-win32.whl", hash = "sha256:0b7dae87f0b729922e06f85f667de7bf16455d411971b2043bbd9577af9d1975"},
    {file = "psycopg2_binary-2.9.1-cp39-cp39-win_amd64.whl", hash = "sha256:b4d7679a08fea64573c969f6994a2631908bb2c0e69a7235648642f3d2e39a68"},
]

[[package]]
name = "pytest"
version = "7.3.1"
description = "pytest: simple powerful testing with Python"
optional = false
python-versions = ">=3.7"
files = [
    {file = "pytest-7.3.1-py3-none-any.whl", hash = "sha256:3799fa815351fea3a5e96ac7e503a96fa51cc9942c3753cda7651b93c1cfa362"},
    {file = "pytest-7.3.1.tar.gz", hash = "sha256:434afafd78b1d78ed0addf160ad2b77a30d35d4bdf8af234fe621919d9ed15e3"},
]

[package.dependencies]
colorama = {version = "*", markers = "sys_platform == \"win32\""}
exceptiongroup = {version = ">=1.0.0rc8", markers = "python_version < \"3.11\""}
iniconfig = "*"
packaging = "*"
pluggy = ">=0.12,<2.0"
tomli = {version = ">=1.0.0", markers = "python_version < \"3.11\""}

[package.extras]
testing = ["argcomplete", "attrs (>=19.2.0)", "hypothesis (>=3.56)", "mock", "nose", "pygments (>=2.7.2)", "requests", "xmlschema"]

[[package]]
name = "pytest-randomly"
version = "3.15.0"
description = "Pytest plugin to randomly order tests and control random.seed."
optional = false
python-versions = ">=3.8"
files = [
    {file = "pytest_randomly-3.15.0-py3-none-any.whl", hash = "sha256:0516f4344b29f4e9cdae8bce31c4aeebf59d0b9ef05927c33354ff3859eeeca6"},
    {file = "pytest_randomly-3.15.0.tar.gz", hash = "sha256:b908529648667ba5e54723088edd6f82252f540cc340d748d1fa985539687047"},
]

[package.dependencies]
pytest = "*"

[[package]]
name = "pytest-repeat"
version = "0.9.1"
description = "pytest plugin for repeating tests"
optional = false
python-versions = ">=2.7, !=3.0.*, !=3.1.*, !=3.2.*, !=3.3.*, !=3.4.*"
files = [
    {file = "pytest-repeat-0.9.1.tar.gz", hash = "sha256:5cd3289745ab3156d43eb9c8e7f7d00a926f3ae5c9cf425bec649b2fe15bad5b"},
    {file = "pytest_repeat-0.9.1-py2.py3-none-any.whl", hash = "sha256:4474a7d9e9137f6d8cc8ae297f8c4168d33c56dd740aa78cfffe562557e6b96e"},
]

[package.dependencies]
pytest = ">=3.6"

[[package]]
name = "pytest-timeout"
version = "2.0.1"
description = "pytest plugin to abort hanging tests"
optional = false
python-versions = ">=3.6"
files = [
    {file = "pytest-timeout-2.0.1.tar.gz", hash = "sha256:a5ec4eceddb8ea726911848593d668594107e797621e97f93a1d1dbc6fbb9080"},
    {file = "pytest_timeout-2.0.1-py3-none-any.whl", hash = "sha256:329bdea323d3e5bea4737070dd85a0d1021dbecb2da5342dc25284fdb929dff0"},
]

[package.dependencies]
pytest = ">=5.0.0"

[[package]]
name = "pytest-xdist"
version = "3.2.0"
description = "pytest xdist plugin for distributed testing, most importantly across multiple CPUs"
optional = false
python-versions = ">=3.7"
files = [
    {file = "pytest-xdist-3.2.0.tar.gz", hash = "sha256:fa10f95a2564cd91652f2d132725183c3b590d9fdcdec09d3677386ecf4c1ce9"},
    {file = "pytest_xdist-3.2.0-py3-none-any.whl", hash = "sha256:336098e3bbd8193276867cc87db8b22903c3927665dff9d1ac8684c02f597b68"},
]

[package.dependencies]
execnet = ">=1.1"
pytest = ">=6.2.0"

[package.extras]
psutil = ["psutil (>=3.0)"]
setproctitle = ["setproctitle"]
testing = ["filelock"]

[[package]]
name = "python-dateutil"
version = "2.8.2"
description = "Extensions to the standard Python datetime module"
optional = false
python-versions = "!=3.0.*,!=3.1.*,!=3.2.*,>=2.7"
files = [
    {file = "python-dateutil-2.8.2.tar.gz", hash = "sha256:0123cacc1627ae19ddf3c27a5de5bd67ee4586fbdd6440d9748f8abb483d3e86"},
    {file = "python_dateutil-2.8.2-py2.py3-none-any.whl", hash = "sha256:961d03dc3453ebbc59dbdea9e4e11c5651520a876d0f4db161e8674aae935da9"},
]

[package.dependencies]
six = ">=1.5"

[[package]]
name = "pytz"
version = "2023.3"
description = "World timezone definitions, modern and historical"
optional = false
python-versions = "*"
files = [
    {file = "pytz-2023.3-py2.py3-none-any.whl", hash = "sha256:a151b3abb88eda1d4e34a9814df37de2a80e301e68ba0fd856fb9b46bfbbbffb"},
    {file = "pytz-2023.3.tar.gz", hash = "sha256:1d8ce29db189191fb55338ee6d0387d82ab59f3d00eac103412d64e0ebd0c588"},
]

[[package]]
name = "requests"
version = "2.27.1"
description = "Python HTTP for Humans."
optional = false
python-versions = ">=2.7, !=3.0.*, !=3.1.*, !=3.2.*, !=3.3.*, !=3.4.*, !=3.5.*"
files = [
    {file = "requests-2.27.1-py2.py3-none-any.whl", hash = "sha256:f22fa1e554c9ddfd16e6e41ac79759e17be9e492b3587efa038054674760e72d"},
    {file = "requests-2.27.1.tar.gz", hash = "sha256:68d7c56fd5a8999887728ef304a6d12edc7be74f1cfa47714fc8b414525c9a61"},
]

[package.dependencies]
certifi = ">=2017.4.17"
charset-normalizer = {version = ">=2.0.0,<2.1.0", markers = "python_version >= \"3\""}
idna = {version = ">=2.5,<4", markers = "python_version >= \"3\""}
urllib3 = ">=1.21.1,<1.27"

[package.extras]
socks = ["PySocks (>=1.5.6,!=1.5.7)", "win-inet-pton"]
use-chardet-on-py3 = ["chardet (>=3.0.2,<5)"]

[[package]]
name = "shared-tools"
version = "0.0.0"
description = "Tools shared by tests in hive projects"
optional = false
python-versions = "^3.10"
files = []
develop = true

[package.source]
type = "directory"
url = "../../../haf/hive/tests/hive-local-tools/shared-tools"

[[package]]
name = "six"
version = "1.16.0"
description = "Python 2 and 3 compatibility utilities"
optional = false
python-versions = ">=2.7, !=3.0.*, !=3.1.*, !=3.2.*"
files = [
    {file = "six-1.16.0-py2.py3-none-any.whl", hash = "sha256:8abb2f1d86890a2dfb989f9a77cfcfd3e47c2a354b01111771326f8aa26e0254"},
    {file = "six-1.16.0.tar.gz", hash = "sha256:1e61c37477a1626458e36f7b1d82aa5c9b094fa4802892072e49de9c60c4c926"},
]

[[package]]
name = "sqlalchemy"
version = "1.4.25"
description = "Database Abstraction Library"
optional = false
python-versions = "!=3.0.*,!=3.1.*,!=3.2.*,!=3.3.*,!=3.4.*,!=3.5.*,>=2.7"
files = [
    {file = "SQLAlchemy-1.4.25-cp27-cp27m-macosx_10_14_x86_64.whl", hash = "sha256:a36ea43919e51b0de0c0bc52bcfdad7683f6ea9fb81b340cdabb9df0e045e0f7"},
    {file = "SQLAlchemy-1.4.25-cp27-cp27m-manylinux_2_5_x86_64.manylinux1_x86_64.whl", hash = "sha256:75cd5d48389a7635393ff5a9214b90695c06b3d74912109c3b00ce7392b69c6c"},
    {file = "SQLAlchemy-1.4.25-cp27-cp27m-win32.whl", hash = "sha256:16ef07e102d2d4f974ba9b0d4ac46345a411ad20ad988b3654d59ff08e553b1c"},
    {file = "SQLAlchemy-1.4.25-cp27-cp27m-win_amd64.whl", hash = "sha256:a79abdb404d9256afb8aeaa0d3a4bc7d3b6d8b66103d8b0f2f91febd3909976e"},
    {file = "SQLAlchemy-1.4.25-cp27-cp27mu-manylinux_2_5_x86_64.manylinux1_x86_64.whl", hash = "sha256:7ad59e2e16578b6c1a2873e4888134112365605b08a6067dd91e899e026efa1c"},
    {file = "SQLAlchemy-1.4.25-cp36-cp36m-macosx_10_14_x86_64.whl", hash = "sha256:a505ecc0642f52e7c65afb02cc6181377d833b7df0994ecde15943b18d0fa89c"},
    {file = "SQLAlchemy-1.4.25-cp36-cp36m-manylinux_2_17_aarch64.manylinux2014_aarch64.whl", hash = "sha256:a28fe28c359835f3be20c89efd517b35e8f97dbb2ca09c6cf0d9ac07f62d7ef6"},
    {file = "SQLAlchemy-1.4.25-cp36-cp36m-manylinux_2_5_x86_64.manylinux1_x86_64.manylinux_2_12_x86_64.manylinux2010_x86_64.whl", hash = "sha256:41a916d815a3a23cb7fff8d11ad0c9b93369ac074e91e428075e088fe57d5358"},
    {file = "SQLAlchemy-1.4.25-cp36-cp36m-manylinux_2_5_x86_64.manylinux1_x86_64.manylinux_2_17_x86_64.manylinux2014_x86_64.whl", hash = "sha256:842c49dd584aedd75c2ee05f6c950730c3ffcddd21c5824ed0f820808387e1e3"},
    {file = "SQLAlchemy-1.4.25-cp36-cp36m-win32.whl", hash = "sha256:6b602e3351f59f3999e9fb8b87e5b95cb2faab6a6ecdb482382ac6fdfbee5266"},
    {file = "SQLAlchemy-1.4.25-cp36-cp36m-win_amd64.whl", hash = "sha256:6400b22e4e41cc27623a9a75630b7719579cd9a3a2027bcf16ad5aaa9a7806c0"},
    {file = "SQLAlchemy-1.4.25-cp37-cp37m-macosx_10_14_x86_64.whl", hash = "sha256:dd4ed12a775f2cde4519f4267d3601990a97d8ecde5c944ab06bfd6e8e8ea177"},
    {file = "SQLAlchemy-1.4.25-cp37-cp37m-manylinux_2_17_aarch64.manylinux2014_aarch64.whl", hash = "sha256:7b7778a205f956755e05721eebf9f11a6ac18b2409bff5db53ce5fe7ede79831"},
    {file = "SQLAlchemy-1.4.25-cp37-cp37m-manylinux_2_5_x86_64.manylinux1_x86_64.manylinux_2_12_x86_64.manylinux2010_x86_64.whl", hash = "sha256:08d9396a2a38e672133266b31ed39b2b1f2b5ec712b5bff5e08033970563316a"},
    {file = "SQLAlchemy-1.4.25-cp37-cp37m-manylinux_2_5_x86_64.manylinux1_x86_64.manylinux_2_17_x86_64.manylinux2014_x86_64.whl", hash = "sha256:e93978993a2ad0af43f132be3ea8805f56b2f2cd223403ec28d3e7d5c6d39ed1"},
    {file = "SQLAlchemy-1.4.25-cp37-cp37m-win32.whl", hash = "sha256:0566a6e90951590c0307c75f9176597c88ef4be2724958ca1d28e8ae05ec8822"},
    {file = "SQLAlchemy-1.4.25-cp37-cp37m-win_amd64.whl", hash = "sha256:0b08a53e40b34205acfeb5328b832f44437956d673a6c09fce55c66ab0e54916"},
    {file = "SQLAlchemy-1.4.25-cp38-cp38-macosx_10_14_x86_64.whl", hash = "sha256:33a1e86abad782e90976de36150d910748b58e02cd7d35680d441f9a76806c18"},
    {file = "SQLAlchemy-1.4.25-cp38-cp38-manylinux_2_17_aarch64.manylinux2014_aarch64.whl", hash = "sha256:2ed67aae8cde4d32aacbdba4f7f38183d14443b714498eada5e5a7a37769c0b7"},
    {file = "SQLAlchemy-1.4.25-cp38-cp38-manylinux_2_5_x86_64.manylinux1_x86_64.manylinux_2_12_x86_64.manylinux2010_x86_64.whl", hash = "sha256:1ebd69365717becaa1b618220a3df97f7c08aa68e759491de516d1c3667bba54"},
    {file = "SQLAlchemy-1.4.25-cp38-cp38-manylinux_2_5_x86_64.manylinux1_x86_64.manylinux_2_17_x86_64.manylinux2014_x86_64.whl", hash = "sha256:26b0cd2d5c7ea96d3230cb20acac3d89de3b593339c1447b4d64bfcf4eac1110"},
    {file = "SQLAlchemy-1.4.25-cp38-cp38-win32.whl", hash = "sha256:c211e8ec81522ce87b0b39f0cf0712c998d4305a030459a0e115a2b3dc71598f"},
    {file = "SQLAlchemy-1.4.25-cp38-cp38-win_amd64.whl", hash = "sha256:9a1df8c93a0dd9cef0839917f0c6c49f46c75810cf8852be49884da4a7de3c59"},
    {file = "SQLAlchemy-1.4.25-cp39-cp39-macosx_10_14_x86_64.whl", hash = "sha256:1b38db2417b9f7005d6ceba7ce2a526bf10e3f6f635c0f163e6ed6a42b5b62b2"},
    {file = "SQLAlchemy-1.4.25-cp39-cp39-manylinux_2_17_aarch64.manylinux2014_aarch64.whl", hash = "sha256:e37621b37c73b034997b5116678862f38ee70e5a054821c7b19d0e55df270dec"},
    {file = "SQLAlchemy-1.4.25-cp39-cp39-manylinux_2_5_x86_64.manylinux1_x86_64.manylinux_2_12_x86_64.manylinux2010_x86_64.whl", hash = "sha256:91cd87d1de0111eaca11ccc3d31af441c753fa2bc22df72e5009cfb0a1af5b03"},
    {file = "SQLAlchemy-1.4.25-cp39-cp39-manylinux_2_5_x86_64.manylinux1_x86_64.manylinux_2_17_x86_64.manylinux2014_x86_64.whl", hash = "sha256:90fe429285b171bcc252e21515703bdc2a4721008d1f13aa5b7150336f8a8493"},
    {file = "SQLAlchemy-1.4.25-cp39-cp39-win32.whl", hash = "sha256:6003771ea597346ab1e97f2f58405c6cacbf6a308af3d28a9201a643c0ac7bb3"},
    {file = "SQLAlchemy-1.4.25-cp39-cp39-win_amd64.whl", hash = "sha256:9ebe49c3960aa2219292ea2e5df6acdc425fc828f2f3d50b4cfae1692bcb5f02"},
    {file = "SQLAlchemy-1.4.25.tar.gz", hash = "sha256:1adf3d25e2e33afbcd48cfad8076f9378793be43e7fec3e4334306cac6bec138"},
]

[package.dependencies]
greenlet = {version = "!=0.4.17", markers = "python_version >= \"3\" and (platform_machine == \"win32\" or platform_machine == \"WIN32\" or platform_machine == \"AMD64\" or platform_machine == \"amd64\" or platform_machine == \"x86_64\" or platform_machine == \"ppc64le\" or platform_machine == \"aarch64\")"}

[package.extras]
aiomysql = ["aiomysql", "greenlet (!=0.4.17)"]
aiosqlite = ["aiosqlite", "greenlet (!=0.4.17)", "typing-extensions (!=3.10.0.1)"]
asyncio = ["greenlet (!=0.4.17)"]
asyncmy = ["asyncmy (>=0.2.0)", "greenlet (!=0.4.17)"]
mariadb-connector = ["mariadb (>=1.0.1)"]
mssql = ["pyodbc"]
mssql-pymssql = ["pymssql"]
mssql-pyodbc = ["pyodbc"]
mypy = ["mypy (>=0.910)", "sqlalchemy2-stubs"]
mysql = ["mysqlclient (>=1.4.0)", "mysqlclient (>=1.4.0,<2)"]
mysql-connector = ["mysql-connector-python"]
oracle = ["cx-oracle (>=7)", "cx-oracle (>=7,<8)"]
postgresql = ["psycopg2 (>=2.7)"]
postgresql-asyncpg = ["asyncpg", "greenlet (!=0.4.17)"]
postgresql-pg8000 = ["pg8000 (>=1.16.6)"]
postgresql-psycopg2binary = ["psycopg2-binary"]
postgresql-psycopg2cffi = ["psycopg2cffi"]
pymysql = ["pymysql", "pymysql (<1)"]
sqlcipher = ["sqlcipher3-binary"]

[[package]]
name = "sqlalchemy-utils"
version = "0.37.9"
description = "Various utility functions for SQLAlchemy."
optional = false
python-versions = "~=3.4"
files = [
    {file = "SQLAlchemy-Utils-0.37.9.tar.gz", hash = "sha256:4667edbdcb1ece011076b69772ef524bfbb17cc97e03f11ee6b85d98e7741d61"},
    {file = "SQLAlchemy_Utils-0.37.9-py3-none-any.whl", hash = "sha256:bb6f4da8ac044cb0dd4d0278b1fb434141a5ee9d1881c757a076830ddbb04160"},
]

[package.dependencies]
six = "*"
SQLAlchemy = ">=1.0"

[package.extras]
arrow = ["arrow (>=0.3.4)"]
babel = ["Babel (>=1.3)"]
color = ["colour (>=0.0.4)"]
encrypted = ["cryptography (>=0.6)"]
intervals = ["intervals (>=0.7.1)"]
password = ["passlib (>=1.6,<2.0)"]
pendulum = ["pendulum (>=2.0.5)"]
phone = ["phonenumbers (>=5.9.2)"]
test = ["Jinja2 (>=2.3)", "Pygments (>=1.2)", "backports.zoneinfo", "docutils (>=0.10)", "flake8 (>=2.4.0)", "flexmock (>=0.9.7)", "isort (>=4.2.2)", "mock (==2.0.0)", "pg8000 (>=1.12.4)", "psycopg2 (>=2.5.1)", "psycopg2cffi (>=2.8.1)", "pymysql", "pyodbc", "pytest (>=2.7.1)", "python-dateutil (>=2.6)", "pytz (>=2014.2)"]
test-all = ["Babel (>=1.3)", "Jinja2 (>=2.3)", "Pygments (>=1.2)", "arrow (>=0.3.4)", "backports.zoneinfo", "colour (>=0.0.4)", "cryptography (>=0.6)", "docutils (>=0.10)", "flake8 (>=2.4.0)", "flexmock (>=0.9.7)", "furl (>=0.4.1)", "intervals (>=0.7.1)", "isort (>=4.2.2)", "mock (==2.0.0)", "passlib (>=1.6,<2.0)", "pendulum (>=2.0.5)", "pg8000 (>=1.12.4)", "phonenumbers (>=5.9.2)", "psycopg2 (>=2.5.1)", "psycopg2cffi (>=2.8.1)", "pymysql", "pyodbc", "pytest (>=2.7.1)", "python-dateutil", "python-dateutil (>=2.6)", "pytz (>=2014.2)"]
timezone = ["python-dateutil"]
url = ["furl (>=0.4.1)"]

[[package]]
name = "test-tools"
version = "0.0.0"
description = "Tools for testing hive software"
optional = false
python-versions = "^3.10"
files = []
develop = true

[package.dependencies]
abstractcp = "0.9.9"
python-dateutil = "2.8.2"
requests = "2.27.1"

[package.source]
type = "directory"
url = "../../../haf/hive/tests/hive-local-tools/test-tools"

[[package]]
name = "tomli"
version = "2.0.1"
description = "A lil' TOML parser"
optional = false
python-versions = ">=3.7"
files = [
    {file = "tomli-2.0.1-py3-none-any.whl", hash = "sha256:939de3e7a6161af0c887ef91b7d41a53e7c5a1ca976325f429cb46ea9bc30ecc"},
    {file = "tomli-2.0.1.tar.gz", hash = "sha256:de526c12914f0c550d15924c62d72abc48d6fe7364aa87328337a31007fe8a4f"},
]

[[package]]
name = "urllib3"
version = "1.26.16"
description = "HTTP library with thread-safe connection pooling, file post, and more."
optional = false
python-versions = ">=2.7, !=3.0.*, !=3.1.*, !=3.2.*, !=3.3.*, !=3.4.*, !=3.5.*"
files = [
    {file = "urllib3-1.26.16-py2.py3-none-any.whl", hash = "sha256:8d36afa7616d8ab714608411b4a3b13e58f463aee519024578e062e141dce20f"},
    {file = "urllib3-1.26.16.tar.gz", hash = "sha256:8f135f6502756bde6b2a9b28989df5fbe87c9970cecaa69041edcce7f0589b14"},
]

[package.extras]
brotli = ["brotli (>=1.0.9)", "brotlicffi (>=0.8.0)", "brotlipy (>=0.6.0)"]
secure = ["certifi", "cryptography (>=1.3.4)", "idna (>=2.0.0)", "ipaddress", "pyOpenSSL (>=0.14)", "urllib3-secure-extra"]
socks = ["PySocks (>=1.5.6,!=1.5.7,<2.0)"]

[metadata]
lock-version = "2.0"
python-versions = "^3.10"
content-hash = "b2c4486850ec12d3a3ca48bd4169e655c3551e370cc60903a6aaff6398a8decd"
